// !$*UTF8*$!
{
	archiveVersion = 1;
	classes = {
	};
	objectVersion = 55;
	objects = {

/* Begin PBXBuildFile section */
		71F7496D28AFE57900BCD689 /* AppDelegate.swift in Sources */ = {isa = PBXBuildFile; fileRef = 71F7496C28AFE57900BCD689 /* AppDelegate.swift */; };
		71F7496F28AFE57900BCD689 /* SceneDelegate.swift in Sources */ = {isa = PBXBuildFile; fileRef = 71F7496E28AFE57900BCD689 /* SceneDelegate.swift */; };
		71F7497128AFE57900BCD689 /* ViewController.swift in Sources */ = {isa = PBXBuildFile; fileRef = 71F7497028AFE57900BCD689 /* ViewController.swift */; };
		71F7497428AFE57900BCD689 /* Main.storyboard in Resources */ = {isa = PBXBuildFile; fileRef = 71F7497228AFE57900BCD689 /* Main.storyboard */; };
		71F7497728AFE57900BCD689 /* discoveryBookApp.xcdatamodeld in Sources */ = {isa = PBXBuildFile; fileRef = 71F7497528AFE57900BCD689 /* discoveryBookApp.xcdatamodeld */; };
		71F7497928AFE57C00BCD689 /* Assets.xcassets in Resources */ = {isa = PBXBuildFile; fileRef = 71F7497828AFE57C00BCD689 /* Assets.xcassets */; };
		71F7497C28AFE57C00BCD689 /* LaunchScreen.storyboard in Resources */ = {isa = PBXBuildFile; fileRef = 71F7497A28AFE57C00BCD689 /* LaunchScreen.storyboard */; };
		71F7498428AFE80000BCD689 /* DetailsViewController.swift in Sources */ = {isa = PBXBuildFile; fileRef = 71F7498328AFE80000BCD689 /* DetailsViewController.swift */; };
/* End PBXBuildFile section */

/* Begin PBXFileReference section */
		71F7496928AFE57900BCD689 /* discoveryBookApp.app */ = {isa = PBXFileReference; explicitFileType = wrapper.application; includeInIndex = 0; path = discoveryBookApp.app; sourceTree = BUILT_PRODUCTS_DIR; };
		71F7496C28AFE57900BCD689 /* AppDelegate.swift */ = {isa = PBXFileReference; lastKnownFileType = sourcecode.swift; path = AppDelegate.swift; sourceTree = "<group>"; };
		71F7496E28AFE57900BCD689 /* SceneDelegate.swift */ = {isa = PBXFileReference; lastKnownFileType = sourcecode.swift; path = SceneDelegate.swift; sourceTree = "<group>"; };
		71F7497028AFE57900BCD689 /* ViewController.swift */ = {isa = PBXFileReference; lastKnownFileType = sourcecode.swift; path = ViewController.swift; sourceTree = "<group>"; };
		71F7497328AFE57900BCD689 /* Base */ = {isa = PBXFileReference; lastKnownFileType = file.storyboard; name = Base; path = Base.lproj/Main.storyboard; sourceTree = "<group>"; };
		71F7497628AFE57900BCD689 /* discoveryBookApp.xcdatamodel */ = {isa = PBXFileReference; lastKnownFileType = wrapper.xcdatamodel; path = discoveryBookApp.xcdatamodel; sourceTree = "<group>"; };
		71F7497828AFE57C00BCD689 /* Assets.xcassets */ = {isa = PBXFileReference; lastKnownFileType = folder.assetcatalog; path = Assets.xcassets; sourceTree = "<group>"; };
		71F7497B28AFE57C00BCD689 /* Base */ = {isa = PBXFileReference; lastKnownFileType = file.storyboard; name = Base; path = Base.lproj/LaunchScreen.storyboard; sourceTree = "<group>"; };
		71F7497D28AFE57C00BCD689 /* Info.plist */ = {isa = PBXFileReference; lastKnownFileType = text.plist.xml; path = Info.plist; sourceTree = "<group>"; };
		71F7498328AFE80000BCD689 /* DetailsViewController.swift */ = {isa = PBXFileReference; lastKnownFileType = sourcecode.swift; path = DetailsViewController.swift; sourceTree = "<group>"; };
/* End PBXFileReference section */

/* Begin PBXFrameworksBuildPhase section */
		71F7496628AFE57900BCD689 /* Frameworks */ = {
			isa = PBXFrameworksBuildPhase;
			buildActionMask = 2147483647;
			files = (
			);
			runOnlyForDeploymentPostprocessing = 0;
		};
/* End PBXFrameworksBuildPhase section */

/* Begin PBXGroup section */
		71F7496028AFE57900BCD689 = {
			isa = PBXGroup;
			children = (
				71F7496B28AFE57900BCD689 /* discoveryBookApp */,
				71F7496A28AFE57900BCD689 /* Products */,
			);
			sourceTree = "<group>";
		};
		71F7496A28AFE57900BCD689 /* Products */ = {
			isa = PBXGroup;
			children = (
				71F7496928AFE57900BCD689 /* discoveryBookApp.app */,
			);
			name = Products;
			sourceTree = "<group>";
		};
		71F7496B28AFE57900BCD689 /* discoveryBookApp */ = {
			isa = PBXGroup;
			children = (
				71F7496C28AFE57900BCD689 /* AppDelegate.swift */,
				71F7496E28AFE57900BCD689 /* SceneDelegate.swift */,
				71F7497028AFE57900BCD689 /* ViewController.swift */,
				71F7498328AFE80000BCD689 /* DetailsViewController.swift */,
				71F7497228AFE57900BCD689 /* Main.storyboard */,
				71F7497828AFE57C00BCD689 /* Assets.xcassets */,
				71F7497A28AFE57C00BCD689 /* LaunchScreen.storyboard */,
				71F7497D28AFE57C00BCD689 /* Info.plist */,
				71F7497528AFE57900BCD689 /* discoveryBookApp.xcdatamodeld */,
			);
			path = discoveryBookApp;
			sourceTree = "<group>";
		};
/* End PBXGroup section */

/* Begin PBXNativeTarget section */
		71F7496828AFE57900BCD689 /* discoveryBookApp */ = {
			isa = PBXNativeTarget;
			buildConfigurationList = 71F7498028AFE57C00BCD689 /* Build configuration list for PBXNativeTarget "discoveryBookApp" */;
			buildPhases = (
				71F7496528AFE57900BCD689 /* Sources */,
				71F7496628AFE57900BCD689 /* Frameworks */,
				71F7496728AFE57900BCD689 /* Resources */,
			);
			buildRules = (
			);
			dependencies = (
			);
			name = discoveryBookApp;
			productName = discoveryBookApp;
			productReference = 71F7496928AFE57900BCD689 /* discoveryBookApp.app */;
			productType = "com.apple.product-type.application";
		};
/* End PBXNativeTarget section */

/* Begin PBXProject section */
		71F7496128AFE57900BCD689 /* Project object */ = {
			isa = PBXProject;
			attributes = {
				BuildIndependentTargetsInParallel = 1;
				LastSwiftUpdateCheck = 1340;
				LastUpgradeCheck = 1340;
				TargetAttributes = {
					71F7496828AFE57900BCD689 = {
						CreatedOnToolsVersion = 13.4.1;
					};
				};
			};
			buildConfigurationList = 71F7496428AFE57900BCD689 /* Build configuration list for PBXProject "discoveryBookApp" */;
			compatibilityVersion = "Xcode 13.0";
			developmentRegion = en;
			hasScannedForEncodings = 0;
			knownRegions = (
				en,
				Base,
			);
			mainGroup = 71F7496028AFE57900BCD689;
			productRefGroup = 71F7496A28AFE57900BCD689 /* Products */;
			projectDirPath = "";
			projectRoot = "";
			targets = (
				71F7496828AFE57900BCD689 /* discoveryBookApp */,
			);
		};
/* End PBXProject section */

/* Begin PBXResourcesBuildPhase section */
		71F7496728AFE57900BCD689 /* Resources */ = {
			isa = PBXResourcesBuildPhase;
			buildActionMask = 2147483647;
			files = (
				71F7497C28AFE57C00BCD689 /* LaunchScreen.storyboard in Resources */,
				71F7497928AFE57C00BCD689 /* Assets.xcassets in Resources */,
				71F7497428AFE57900BCD689 /* Main.storyboard in Resources */,
			);
			runOnlyForDeploymentPostprocessing = 0;
		};
/* End PBXResourcesBuildPhase section */

/* Begin PBXSourcesBuildPhase section */
		71F7496528AFE57900BCD689 /* Sources */ = {
			isa = PBXSourcesBuildPhase;
			buildActionMask = 2147483647;
			files = (
				71F7497128AFE57900BCD689 /* ViewController.swift in Sources */,
				71F7497728AFE57900BCD689 /* discoveryBookApp.xcdatamodeld in Sources */,
				71F7496D28AFE57900BCD689 /* AppDelegate.swift in Sources */,
				71F7496F28AFE57900BCD689 /* SceneDelegate.swift in Sources */,
				71F7498428AFE80000BCD689 /* DetailsViewController.swift in Sources */,
			);
			runOnlyForDeploymentPostprocessing = 0;
		};
/* End PBXSourcesBuildPhase section */

/* Begin PBXVariantGroup section */
		71F7497228AFE57900BCD689 /* Main.storyboard */ = {
			isa = PBXVariantGroup;
			children = (
				71F7497328AFE57900BCD689 /* Base */,
			);
			name = Main.storyboard;
			sourceTree = "<group>";
		};
		71F7497A28AFE57C00BCD689 /* LaunchScreen.storyboard */ = {
			isa = PBXVariantGroup;
			children = (
				71F7497B28AFE57C00BCD689 /* Base */,
			);
			name = LaunchScreen.storyboard;
			sourceTree = "<group>";
		};
/* End PBXVariantGroup section */

/* Begin XCBuildConfiguration section */
		71F7497E28AFE57C00BCD689 /* Debug */ = {
			isa = XCBuildConfiguration;
			buildSettings = {
				ALWAYS_SEARCH_USER_PATHS = NO;
				CLANG_ANALYZER_NONNULL = YES;
				CLANG_ANALYZER_NUMBER_OBJECT_CONVERSION = YES_AGGRESSIVE;
				CLANG_CXX_LANGUAGE_STANDARD = "gnu++17";
				CLANG_ENABLE_MODULES = YES;
				CLANG_ENABLE_OBJC_ARC = YES;
				CLANG_ENABLE_OBJC_WEAK = YES;
				CLANG_WARN_BLOCK_CAPTURE_AUTORELEASING = YES;
				CLANG_WARN_BOOL_CONVERSION = YES;
				CLANG_WARN_COMMA = YES;
				CLANG_WARN_CONSTANT_CONVERSION = YES;
				CLANG_WARN_DEPRECATED_OBJC_IMPLEMENTATIONS = YES;
				CLANG_WARN_DIRECT_OBJC_ISA_USAGE = YES_ERROR;
				CLANG_WARN_DOCUMENTATION_COMMENTS = YES;
				CLANG_WARN_EMPTY_BODY = YES;
				CLANG_WARN_ENUM_CONVERSION = YES;
				CLANG_WARN_INFINITE_RECURSION = YES;
				CLANG_WARN_INT_CONVERSION = YES;
				CLANG_WARN_NON_LITERAL_NULL_CONVERSION = YES;
				CLANG_WARN_OBJC_IMPLICIT_RETAIN_SELF = YES;
				CLANG_WARN_OBJC_LITERAL_CONVERSION = YES;
				CLANG_WARN_OBJC_ROOT_CLASS = YES_ERROR;
				CLANG_WARN_QUOTED_INCLUDE_IN_FRAMEWORK_HEADER = YES;
				CLANG_WARN_RANGE_LOOP_ANALYSIS = YES;
				CLANG_WARN_STRICT_PROTOTYPES = YES;
				CLANG_WARN_SUSPICIOUS_MOVE = YES;
				CLANG_WARN_UNGUARDED_AVAILABILITY = YES_AGGRESSIVE;
				CLANG_WARN_UNREACHABLE_CODE = YES;
				CLANG_WARN__DUPLICATE_METHOD_MATCH = YES;
				COPY_PHASE_STRIP = NO;
				DEBUG_INFORMATION_FORMAT = dwarf;
				ENABLE_STRICT_OBJC_MSGSEND = YES;
				ENABLE_TESTABILITY = YES;
				GCC_C_LANGUAGE_STANDARD = gnu11;
				GCC_DYNAMIC_NO_PIC = NO;
				GCC_NO_COMMON_BLOCKS = YES;
				GCC_OPTIMIZATION_LEVEL = 0;
				GCC_PREPROCESSOR_DEFINITIONS = (
					"DEBUG=1",
					"$(inherited)",
				);
				GCC_WARN_64_TO_32_BIT_CONVERSION = YES;
				GCC_WARN_ABOUT_RETURN_TYPE = YES_ERROR;
				GCC_WARN_UNDECLARED_SELECTOR = YES;
				GCC_WARN_UNINITIALIZED_AUTOS = YES_AGGRESSIVE;
				GCC_WARN_UNUSED_FUNCTION = YES;
				GCC_WARN_UNUSED_VARIABLE = YES;
				IPHONEOS_DEPLOYMENT_TARGET = 15.5;
				MTL_ENABLE_DEBUG_INFO = INCLUDE_SOURCE;
				MTL_FAST_MATH = YES;
				ONLY_ACTIVE_ARCH = YES;
				SDKROOT = iphoneos;
				SWIFT_ACTIVE_COMPILATION_CONDITIONS = DEBUG;
				SWIFT_OPTIMIZATION_LEVEL = "-Onone";
			};
			name = Debug;
		};
		71F7497F28AFE57C00BCD689 /* Release */ = {
			isa = XCBuildConfiguration;
			buildSettings = {
				ALWAYS_SEARCH_USER_PATHS = NO;
				CLANG_ANALYZER_NONNULL = YES;
				CLANG_ANALYZER_NUMBER_OBJECT_CONVERSION = YES_AGGRESSIVE;
				CLANG_CXX_LANGUAGE_STANDARD = "gnu++17";
				CLANG_ENABLE_MODULES = YES;
				CLANG_ENABLE_OBJC_ARC = YES;
				CLANG_ENABLE_OBJC_WEAK = YES;
				CLANG_WARN_BLOCK_CAPTURE_AUTORELEASING = YES;
				CLANG_WARN_BOOL_CONVERSION = YES;
				CLANG_WARN_COMMA = YES;
				CLANG_WARN_CONSTANT_CONVERSION = YES;
				CLANG_WARN_DEPRECATED_OBJC_IMPLEMENTATIONS = YES;
				CLANG_WARN_DIRECT_OBJC_ISA_USAGE = YES_ERROR;
				CLANG_WARN_DOCUMENTATION_COMMENTS = YES;
				CLANG_WARN_EMPTY_BODY = YES;
				CLANG_WARN_ENUM_CONVERSION = YES;
				CLANG_WARN_INFINITE_RECURSION = YES;
				CLANG_WARN_INT_CONVERSION = YES;
				CLANG_WARN_NON_LITERAL_NULL_CONVERSION = YES;
				CLANG_WARN_OBJC_IMPLICIT_RETAIN_SELF = YES;
				CLANG_WARN_OBJC_LITERAL_CONVERSION = YES;
				CLANG_WARN_OBJC_ROOT_CLASS = YES_ERROR;
				CLANG_WARN_QUOTED_INCLUDE_IN_FRAMEWORK_HEADER = YES;
				CLANG_WARN_RANGE_LOOP_ANALYSIS = YES;
				CLANG_WARN_STRICT_PROTOTYPES = YES;
				CLANG_WARN_SUSPICIOUS_MOVE = YES;
				CLANG_WARN_UNGUARDED_AVAILABILITY = YES_AGGRESSIVE;
				CLANG_WARN_UNREACHABLE_CODE = YES;
				CLANG_WARN__DUPLICATE_METHOD_MATCH = YES;
				COPY_PHASE_STRIP = NO;
				DEBUG_INFORMATION_FORMAT = "dwarf-with-dsym";
				ENABLE_NS_ASSERTIONS = NO;
				ENABLE_STRICT_OBJC_MSGSEND = YES;
				GCC_C_LANGUAGE_STANDARD = gnu11;
				GCC_NO_COMMON_BLOCKS = YES;
				GCC_WARN_64_TO_32_BIT_CONVERSION = YES;
				GCC_WARN_ABOUT_RETURN_TYPE = YES_ERROR;
				GCC_WARN_UNDECLARED_SELECTOR = YES;
				GCC_WARN_UNINITIALIZED_AUTOS = YES_AGGRESSIVE;
				GCC_WARN_UNUSED_FUNCTION = YES;
				GCC_WARN_UNUSED_VARIABLE = YES;
				IPHONEOS_DEPLOYMENT_TARGET = 15.5;
				MTL_ENABLE_DEBUG_INFO = NO;
				MTL_FAST_MATH = YES;
				SDKROOT = iphoneos;
				SWIFT_COMPILATION_MODE = wholemodule;
				SWIFT_OPTIMIZATION_LEVEL = "-O";
				VALIDATE_PRODUCT = YES;
			};
			name = Release;
		};
		71F7498128AFE57C00BCD689 /* Debug */ = {
			isa = XCBuildConfiguration;
			buildSettings = {
				ASSETCATALOG_COMPILER_APPICON_NAME = AppIcon;
				ASSETCATALOG_COMPILER_GLOBAL_ACCENT_COLOR_NAME = AccentColor;
				CODE_SIGN_STYLE = Automatic;
				CURRENT_PROJECT_VERSION = 1;
				DEVELOPMENT_TEAM = R4U22JU8U3;
				GENERATE_INFOPLIST_FILE = YES;
				INFOPLIST_FILE = discoveryBookApp/Info.plist;
				INFOPLIST_KEY_UIApplicationSupportsIndirectInputEvents = YES;
				INFOPLIST_KEY_UILaunchStoryboardName = LaunchScreen;
				INFOPLIST_KEY_UIMainStoryboardFile = Main;
				INFOPLIST_KEY_UISupportedInterfaceOrientations_iPad = "UIInterfaceOrientationPortrait UIInterfaceOrientationPortraitUpsideDown UIInterfaceOrientationLandscapeLeft UIInterfaceOrientationLandscapeRight";
				INFOPLIST_KEY_UISupportedInterfaceOrientations_iPhone = "UIInterfaceOrientationPortrait UIInterfaceOrientationLandscapeLeft UIInterfaceOrientationLandscapeRight";
				LD_RUNPATH_SEARCH_PATHS = (
					"$(inherited)",
					"@executable_path/Frameworks",
				);
				MARKETING_VERSION = 1.0;
				PRODUCT_BUNDLE_IDENTIFIER = com.dejkoveci.discoveryBookApp;
				PRODUCT_NAME = "$(TARGET_NAME)";
				SWIFT_EMIT_LOC_STRINGS = YES;
				SWIFT_VERSION = 5.0;
				TARGETED_DEVICE_FAMILY = "1,2";
			};
			name = Debug;
		};
		71F7498228AFE57C00BCD689 /* Release */ = {
			isa = XCBuildConfiguration;
			buildSettings = {
				ASSETCATALOG_COMPILER_APPICON_NAME = AppIcon;
				ASSETCATALOG_COMPILER_GLOBAL_ACCENT_COLOR_NAME = AccentColor;
				CODE_SIGN_STYLE = Automatic;
				CURRENT_PROJECT_VERSION = 1;
				DEVELOPMENT_TEAM = R4U22JU8U3;
				GENERATE_INFOPLIST_FILE = YES;
				INFOPLIST_FILE = discoveryBookApp/Info.plist;
				INFOPLIST_KEY_UIApplicationSupportsIndirectInputEvents = YES;
				INFOPLIST_KEY_UILaunchStoryboardName = LaunchScreen;
				INFOPLIST_KEY_UIMainStoryboardFile = Main;
				INFOPLIST_KEY_UISupportedInterfaceOrientations_iPad = "UIInterfaceOrientationPortrait UIInterfaceOrientationPortraitUpsideDown UIInterfaceOrientationLandscapeLeft UIInterfaceOrientationLandscapeRight";
				INFOPLIST_KEY_UISupportedInterfaceOrientations_iPhone = "UIInterfaceOrientationPortrait UIInterfaceOrientationLandscapeLeft UIInterfaceOrientationLandscapeRight";
				LD_RUNPATH_SEARCH_PATHS = (
					"$(inherited)",
					"@executable_path/Frameworks",
				);
				MARKETING_VERSION = 1.0;
				PRODUCT_BUNDLE_IDENTIFIER = com.dejkoveci.discoveryBookApp;
				PRODUCT_NAME = "$(TARGET_NAME)";
				SWIFT_EMIT_LOC_STRINGS = YES;
				SWIFT_VERSION = 5.0;
				TARGETED_DEVICE_FAMILY = "1,2";
			};
			name = Release;
		};
/* End XCBuildConfiguration section */

/* Begin XCConfigurationList section */
		71F7496428AFE57900BCD689 /* Build configuration list for PBXProject "discoveryBookApp" */ = {
			isa = XCConfigurationList;
			buildConfigurations = (
				71F7497E28AFE57C00BCD689 /* Debug */,
				71F7497F28AFE57C00BCD689 /* Release */,
			);
			defaultConfigurationIsVisible = 0;
			defaultConfigurationName = Release;
		};
		71F7498028AFE57C00BCD689 /* Build configuration list for PBXNativeTarget "discoveryBookApp" */ = {
			isa = XCConfigurationList;
			buildConfigurations = (
				71F7498128AFE57C00BCD689 /* Debug */,
				71F7498228AFE57C00BCD689 /* Release */,
			);
			defaultConfigurationIsVisible = 0;
			defaultConfigurationName = Release;
		};
/* End XCConfigurationList section */

/* Begin XCVersionGroup section */
		71F7497528AFE57900BCD689 /* discoveryBookApp.xcdatamodeld */ = {
			isa = XCVersionGroup;
			children = (
				71F7497628AFE57900BCD689 /* discoveryBookApp.xcdatamodel */,
			);
			currentVersion = 71F7497628AFE57900BCD689 /* discoveryBookApp.xcdatamodel */;
			path = discoveryBookApp.xcdatamodeld;
			sourceTree = "<group>";
			versionGroupType = wrapper.xcdatamodel;
		};
/* End XCVersionGroup section */
	};
	rootObject = 71F7496128AFE57900BCD689 /* Project object */;
}
